
Microsoft Visual Studio Solution File, Format Version 12.00
# Visual Studio 14
VisualStudioVersion = 14.0.25420.1
MinimumVisualStudioVersion = 10.0.40219.1
Project("{FAE04EC0-301F-11D3-BF4B-00C04F79EFBC}") = "MuchosMuchos_04", "MuchosMuchos_04\MuchosMuchos_04.csproj", "{197CA5A0-239F-4EBE-A050-77158F965E1C}"
EndProject
Project("{FAE04EC0-301F-11D3-BF4B-00C04F79EFBC}") = "Model", "Model\Model.csproj", "{2654E7CA-E9C6-47E8-81E9-9A884EDFF894}"
EndProject
Global
	GlobalSection(SolutionConfigurationPlatforms) = preSolution
		Debug|Any CPU = Debug|Any CPU
		Release|Any CPU = Release|Any CPU
	EndGlobalSection
	GlobalSection(ProjectConfigurationPlatforms) = postSolution
		{197CA5A0-239F-4EBE-A050-77158F965E1C}.Debug|Any CPU.ActiveCfg = Debug|Any CPU
		{197CA5A0-239F-4EBE-A050-77158F965E1C}.Debug|Any CPU.Build.0 = Debug|Any CPU
		{197CA5A0-239F-4EBE-A050-77158F965E1C}.Release|Any CPU.ActiveCfg = Release|Any CPU
		{197CA5A0-239F-4EBE-A050-77158F965E1C}.Release|Any CPU.Build.0 = Release|Any CPU
		{2654E7CA-E9C6-47E8-81E9-9A884EDFF894}.Debug|Any CPU.ActiveCfg = Debug|Any CPU
		{2654E7CA-E9C6-47E8-81E9-9A884EDFF894}.Debug|Any CPU.Build.0 = Debug|Any CPU
		{2654E7CA-E9C6-47E8-81E9-9A884EDFF894}.Release|Any CPU.ActiveCfg = Release|Any CPU
		{2654E7CA-E9C6-47E8-81E9-9A884EDFF894}.Release|Any CPU.Build.0 = Release|Any CPU
	EndGlobalSection
	GlobalSection(SolutionProperties) = preSolution
		HideSolutionNode = FALSE
	EndGlobalSection
EndGlobal
